
Microsoft Visual Studio Solution File, Format Version 12.00
# Visual Studio Version 17
VisualStudioVersion = 17.10.35122.118
MinimumVisualStudioVersion = 10.0.40219.1
Project("{FAE04EC0-301F-11D3-BF4B-00C04F79EFBC}") = "EjercicioAbstracción", "EjercicioAbstracción.csproj", "{0E7AECA9-5A33-46EE-A937-CCD301B93D6F}"
EndProject
Global
	GlobalSection(SolutionConfigurationPlatforms) = preSolution
		Debug|Any CPU = Debug|Any CPU
		Release|Any CPU = Release|Any CPU
	EndGlobalSection
	GlobalSection(ProjectConfigurationPlatforms) = postSolution
		{0E7AECA9-5A33-46EE-A937-CCD301B93D6F}.Debug|Any CPU.ActiveCfg = Debug|Any CPU
		{0E7AECA9-5A33-46EE-A937-CCD301B93D6F}.Debug|Any CPU.Build.0 = Debug|Any CPU
		{0E7AECA9-5A33-46EE-A937-CCD301B93D6F}.Release|Any CPU.ActiveCfg = Release|Any CPU
		{0E7AECA9-5A33-46EE-A937-CCD301B93D6F}.Release|Any CPU.Build.0 = Release|Any CPU
	EndGlobalSection
	GlobalSection(SolutionProperties) = preSolution
		HideSolutionNode = FALSE
	EndGlobalSection
	GlobalSection(ExtensibilityGlobals) = postSolution
		SolutionGuid = {A1D71AB9-BDE3-4340-BE44-ABE8F3CA7956}
	EndGlobalSection
EndGlobal
